lockfileVersion: '6.0'

settings:
  autoInstallPeers: true
  excludeLinksFromLockfile: false

dependencies:
  openapi-fetch:
    specifier: ^0.8.2
    version: 0.8.2

devDependencies:
  '@types/node':
    specifier: ^20.11.5
    version: 20.11.5
  typescript:
    specifier: ^5.3.3
    version: 5.3.3

packages:

  /@types/node@20.11.5:
    resolution: {integrity: sha512-g557vgQjUUfN76MZAN/dt1z3dzcUsimuysco0KeluHgrPdJXkP/XdAURgyO2W9fZWHRtRBiVKzKn8vyOAwlG+w==}
    dependencies:
      undici-types: 5.26.5
    dev: true

  /openapi-fetch@0.8.2:
    resolution: {integrity: sha512-4g+NLK8FmQ51RW6zLcCBOVy/lwYmFJiiT+ckYZxJWxUxH4XFhsNcX2eeqVMfVOi+mDNFja6qDXIZAz2c5J/RVw==}
    dependencies:
      openapi-typescript-helpers: 0.0.5
    dev: false

  /openapi-typescript-helpers@0.0.5:
    resolution: {integrity: sha512-MRffg93t0hgGZbYTxg60hkRIK2sRuEOHEtCUgMuLgbCC33TMQ68AmxskzUlauzZYD47+ENeGV/ElI7qnWqrAxA==}
    dev: false

  /typescript@5.3.3:
    resolution: {integrity: sha512-pXWcraxM0uxAS+tN0AG/BF2TyqmHO014Z070UsJ+pFvYuRSq8KH8DmWpnbXe0pEPDHXZV3FcAbJkijJ5oNEnWw==}
    engines: {node: '>=14.17'}
    hasBin: true
    dev: true

  /undici-types@5.26.5:
    resolution: {integrity: sha512-JlCMO+ehdEIKqlFxk6IfVoAUVmgz7cU7zD/h9XZ0qzeosSHmUJVOzSQvvYSYWXkFXC+IfLKSIffhv0sVZup6pA==}
    dev: true
